
Microsoft Visual Studio Solution File, Format Version 12.00
# Visual Studio Version 16
VisualStudioVersion = 16.0.809.1
MinimumVisualStudioVersion = 10.0.40219.1
Project("{FAE04EC0-301F-11D3-BF4B-00C04F79EFBC}") = "Algorithms", "Algorithms\Algorithms.csproj", "{DB57B5C1-1ED1-4D2C-91FD-B478B8AC8FFD}"
EndProject
Global
	GlobalSection(SolutionConfigurationPlatforms) = preSolution
		Debug|Any CPU = Debug|Any CPU
		Release|Any CPU = Release|Any CPU
	EndGlobalSection
	GlobalSection(ProjectConfigurationPlatforms) = postSolution
		{DB57B5C1-1ED1-4D2C-91FD-B478B8AC8FFD}.Debug|Any CPU.ActiveCfg = Debug|Any CPU
		{DB57B5C1-1ED1-4D2C-91FD-B478B8AC8FFD}.Debug|Any CPU.Build.0 = Debug|Any CPU
		{DB57B5C1-1ED1-4D2C-91FD-B478B8AC8FFD}.Release|Any CPU.ActiveCfg = Release|Any CPU
		{DB57B5C1-1ED1-4D2C-91FD-B478B8AC8FFD}.Release|Any CPU.Build.0 = Release|Any CPU
	EndGlobalSection
	GlobalSection(SolutionProperties) = preSolution
		HideSolutionNode = FALSE
	EndGlobalSection
	GlobalSection(ExtensibilityGlobals) = postSolution
		SolutionGuid = {0A7FA188-BC7F-4BEB-BA7F-550301602488}
	EndGlobalSection
EndGlobal
